
Microsoft Visual Studio Solution File, Format Version 12.00
# Visual Studio Version 17
VisualStudioVersion = 17.5.33627.172
MinimumVisualStudioVersion = 10.0.40219.1
Project("{54A90642-561A-4BB1-A94E-469ADEE60C69}") = "angularapp", "angularapp\angularapp.esproj", "{4DA86529-9FA3-41BD-ABB2-C1D6B14032A5}"
EndProject
Project("{9A19103F-16F7-4668-BE54-9A1E7A4F7556}") = "webapi", "webapi\webapi.csproj", "{89D3BE45-B4D4-472B-934B-AB15691E81D9}"
EndProject
Global
	GlobalSection(SolutionConfigurationPlatforms) = preSolution
		Debug|Any CPU = Debug|Any CPU
		Release|Any CPU = Release|Any CPU
	EndGlobalSection
	GlobalSection(ProjectConfigurationPlatforms) = postSolution
		{4DA86529-9FA3-41BD-ABB2-C1D6B14032A5}.Debug|Any CPU.ActiveCfg = Debug|Any CPU
		{4DA86529-9FA3-41BD-ABB2-C1D6B14032A5}.Debug|Any CPU.Build.0 = Debug|Any CPU
		{4DA86529-9FA3-41BD-ABB2-C1D6B14032A5}.Debug|Any CPU.Deploy.0 = Debug|Any CPU
		{4DA86529-9FA3-41BD-ABB2-C1D6B14032A5}.Release|Any CPU.ActiveCfg = Release|Any CPU
		{4DA86529-9FA3-41BD-ABB2-C1D6B14032A5}.Release|Any CPU.Build.0 = Release|Any CPU
		{4DA86529-9FA3-41BD-ABB2-C1D6B14032A5}.Release|Any CPU.Deploy.0 = Release|Any CPU
		{89D3BE45-B4D4-472B-934B-AB15691E81D9}.Debug|Any CPU.ActiveCfg = Debug|Any CPU
		{89D3BE45-B4D4-472B-934B-AB15691E81D9}.Debug|Any CPU.Build.0 = Debug|Any CPU
		{89D3BE45-B4D4-472B-934B-AB15691E81D9}.Release|Any CPU.ActiveCfg = Release|Any CPU
		{89D3BE45-B4D4-472B-934B-AB15691E81D9}.Release|Any CPU.Build.0 = Release|Any CPU
	EndGlobalSection
	GlobalSection(SolutionProperties) = preSolution
		HideSolutionNode = FALSE
	EndGlobalSection
	GlobalSection(ExtensibilityGlobals) = postSolution
		SolutionGuid = {5D2632E9-D985-4778-8DED-ED2FA36C1E59}
	EndGlobalSection
EndGlobal
